// !$*UTF8*$!
{
	archiveVersion = 1;
	classes = {
	};
	objectVersion = 52;
	objects = {

/* Begin PBXBuildFile section */
		3A2F22CC2214A4DB00A2FB4F /* Assets.xcassets in Resources */ = {isa = PBXBuildFile; fileRef = 3A2F22CB2214A4DB00A2FB4F /* Assets.xcassets */; };
		3A2F22CF2214A4DB00A2FB4F /* LaunchScreen.storyboard in Resources */ = {isa = PBXBuildFile; fileRef = 3A2F22CD2214A4DB00A2FB4F /* LaunchScreen.storyboard */; };
		3A2F22FD2214A57D00A2FB4F /* HomeViewController.swift in Sources */ = {isa = PBXBuildFile; fileRef = 3A2F22D82214A57D00A2FB4F /* HomeViewController.swift */; };
		3A2F22FE2214A57D00A2FB4F /* SettingsViewController.swift in Sources */ = {isa = PBXBuildFile; fileRef = 3A2F22D92214A57D00A2FB4F /* SettingsViewController.swift */; };
		3A2F22FF2214A57D00A2FB4F /* ViewClearConstraintsRecursivellyExtension.swift in Sources */ = {isa = PBXBuildFile; fileRef = 3A2F22DB2214A57D00A2FB4F /* ViewClearConstraintsRecursivellyExtension.swift */; };
		3A2F23002214A57D00A2FB4F /* UITextFieldPaddingViewExtension.swift in Sources */ = {isa = PBXBuildFile; fileRef = 3A2F22DC2214A57D00A2FB4F /* UITextFieldPaddingViewExtension.swift */; };
		3A2F23012214A57D00A2FB4F /* UIButtonImageSpacingExtension.swift in Sources */ = {isa = PBXBuildFile; fileRef = 3A2F22DD2214A57D00A2FB4F /* UIButtonImageSpacingExtension.swift */; };
		3A2F23022214A57D00A2FB4F /* ViewControllerIsVisibleExtension.swift in Sources */ = {isa = PBXBuildFile; fileRef = 3A2F22DE2214A57D00A2FB4F /* ViewControllerIsVisibleExtension.swift */; };
		3A2F23032214A57D00A2FB4F /* StringBase64Extension.swift in Sources */ = {isa = PBXBuildFile; fileRef = 3A2F22DF2214A57D00A2FB4F /* StringBase64Extension.swift */; };
		3A2F23042214A57D00A2FB4F /* UIColorToRGBExtension.swift in Sources */ = {isa = PBXBuildFile; fileRef = 3A2F22E02214A57D00A2FB4F /* UIColorToRGBExtension.swift */; };
		3A2F23052214A57D00A2FB4F /* UIColorToHexExtension.swift in Sources */ = {isa = PBXBuildFile; fileRef = 3A2F22E12214A57D00A2FB4F /* UIColorToHexExtension.swift */; };
		3A2F23062214A57D00A2FB4F /* ViewConstraintsExtension.swift in Sources */ = {isa = PBXBuildFile; fileRef = 3A2F22E22214A57D00A2FB4F /* ViewConstraintsExtension.swift */; };
		3A2F23072214A57D00A2FB4F /* UIImageFixRotationExtension.swift in Sources */ = {isa = PBXBuildFile; fileRef = 3A2F22E32214A57D00A2FB4F /* UIImageFixRotationExtension.swift */; };
		3A2F23082214A57D00A2FB4F /* StringExtensions.swift in Sources */ = {isa = PBXBuildFile; fileRef = 3A2F22E42214A57D00A2FB4F /* StringExtensions.swift */; };
		3A2F23092214A57D00A2FB4F /* WKWebViewEvaluateExtension.swift in Sources */ = {isa = PBXBuildFile; fileRef = 3A2F22E52214A57D00A2FB4F /* WKWebViewEvaluateExtension.swift */; };
		3A2F230A2214A57D00A2FB4F /* UITableViewExtension.swift in Sources */ = {isa = PBXBuildFile; fileRef = 3A2F22E62214A57D00A2FB4F /* UITableViewExtension.swift */; };
		3A2F230B2214A57D00A2FB4F /* TimePartsExtension.swift in Sources */ = {isa = PBXBuildFile; fileRef = 3A2F22E72214A57D00A2FB4F /* TimePartsExtension.swift */; };
		3A2F230C2214A57D00A2FB4F /* DictionaryMergeExtension.swift in Sources */ = {isa = PBXBuildFile; fileRef = 3A2F22E82214A57D00A2FB4F /* DictionaryMergeExtension.swift */; };
		3A2F230D2214A57D00A2FB4F /* FadeViewExtension.swift in Sources */ = {isa = PBXBuildFile; fileRef = 3A2F22E92214A57D00A2FB4F /* FadeViewExtension.swift */; };
		3A2F230E2214A57D00A2FB4F /* ShuffleExtension.swift in Sources */ = {isa = PBXBuildFile; fileRef = 3A2F22EA2214A57D00A2FB4F /* ShuffleExtension.swift */; };
		3A2F230F2214A57D00A2FB4F /* UIDeviceTypeExtension.swift in Sources */ = {isa = PBXBuildFile; fileRef = 3A2F22EB2214A57D00A2FB4F /* UIDeviceTypeExtension.swift */; };
		3A2F23102214A57D00A2FB4F /* UIImageColors.swift in Sources */ = {isa = PBXBuildFile; fileRef = 3A2F22EC2214A57D00A2FB4F /* UIImageColors.swift */; };
		3A2F23112214A57D00A2FB4F /* SwiftColorsExtension.swift in Sources */ = {isa = PBXBuildFile; fileRef = 3A2F22ED2214A57D00A2FB4F /* SwiftColorsExtension.swift */; };
		3A2F23122214A57D00A2FB4F /* IntToTimeIntervalExtension.swift in Sources */ = {isa = PBXBuildFile; fileRef = 3A2F22EE2214A57D00A2FB4F /* IntToTimeIntervalExtension.swift */; };
		3A2F23132214A57D00A2FB4F /* SKProductLocalizedPriceExtension.swift in Sources */ = {isa = PBXBuildFile; fileRef = 3A2F22EF2214A57D00A2FB4F /* SKProductLocalizedPriceExtension.swift */; };
		3A2F23142214A57D00A2FB4F /* UIImageViewBlurExtension.swift in Sources */ = {isa = PBXBuildFile; fileRef = 3A2F22F02214A57D00A2FB4F /* UIImageViewBlurExtension.swift */; };
		3A2F23152214A57D00A2FB4F /* ApplicationTopViewControllerExtension.swift in Sources */ = {isa = PBXBuildFile; fileRef = 3A2F22F12214A57D00A2FB4F /* ApplicationTopViewControllerExtension.swift */; };
		3A2F23162214A57D00A2FB4F /* StringsLocalizedExtension.swift in Sources */ = {isa = PBXBuildFile; fileRef = 3A2F22F22214A57D00A2FB4F /* StringsLocalizedExtension.swift */; };
		3A2F23172214A57D00A2FB4F /* UIImageExtension.swift in Sources */ = {isa = PBXBuildFile; fileRef = 3A2F22F32214A57D00A2FB4F /* UIImageExtension.swift */; };
		3A2F23182214A57D00A2FB4F /* CollectionExtensions.swift in Sources */ = {isa = PBXBuildFile; fileRef = 3A2F22F42214A57D00A2FB4F /* CollectionExtensions.swift */; };
		3A2F23192214A57D00A2FB4F /* UIImageTintedExtension.swift in Sources */ = {isa = PBXBuildFile; fileRef = 3A2F22F52214A57D00A2FB4F /* UIImageTintedExtension.swift */; };
		3A2F231A2214A57D00A2FB4F /* ViewConstrainToEdgesExtension.swift in Sources */ = {isa = PBXBuildFile; fileRef = 3A2F22F62214A57D00A2FB4F /* ViewConstrainToEdgesExtension.swift */; };
		3A2F231B2214A57D00A2FB4F /* UIHelper.swift in Sources */ = {isa = PBXBuildFile; fileRef = 3A2F22F82214A57D00A2FB4F /* UIHelper.swift */; };
		3A2F231C2214A57D00A2FB4F /* EnvironmentUtil.swift in Sources */ = {isa = PBXBuildFile; fileRef = 3A2F22F92214A57D00A2FB4F /* EnvironmentUtil.swift */; };
		3A2F231D2214A57D00A2FB4F /* AppData.swift in Sources */ = {isa = PBXBuildFile; fileRef = 3A2F22FB2214A57D00A2FB4F /* AppData.swift */; };
		3A2F231E2214A57D00A2FB4F /* AppDelegate.swift in Sources */ = {isa = PBXBuildFile; fileRef = 3A2F22FC2214A57D00A2FB4F /* AppDelegate.swift */; };
		3A2F23242214A7A800A2FB4F /* Localizable.strings in Resources */ = {isa = PBXBuildFile; fileRef = 3A2F23262214A7A800A2FB4F /* Localizable.strings */; };
		3A5B99612662F0890063EFD0 /* ColorExtensions.swift in Sources */ = {isa = PBXBuildFile; fileRef = 3A5B99602662F0890063EFD0 /* ColorExtensions.swift */; };
		3AB800BA27069231001EA224 /* DateTimeHelper.swift in Sources */ = {isa = PBXBuildFile; fileRef = 3AB800B827069231001EA224 /* DateTimeHelper.swift */; };
		3AB800BB27069231001EA224 /* DateTimeHelper.swift in Sources */ = {isa = PBXBuildFile; fileRef = 3AB800B827069231001EA224 /* DateTimeHelper.swift */; };
		3AB800BC27069231001EA224 /* BundleHelper.swift in Sources */ = {isa = PBXBuildFile; fileRef = 3AB800B927069231001EA224 /* BundleHelper.swift */; };
		3AB800BD27069231001EA224 /* BundleHelper.swift in Sources */ = {isa = PBXBuildFile; fileRef = 3AB800B927069231001EA224 /* BundleHelper.swift */; };
		3AD9F93D22569DA600ED622F /* MainViewController.swift in Sources */ = {isa = PBXBuildFile; fileRef = 3AD9F93C22569DA600ED622F /* MainViewController.swift */; };
		3ADA2D8222162454005E6BD0 /* Enumerators.swift in Sources */ = {isa = PBXBuildFile; fileRef = 3ADA2D8122162454005E6BD0 /* Enumerators.swift */; };
		3ADA2D8922162760005E6BD0 /* SimpleOption.swift in Sources */ = {isa = PBXBuildFile; fileRef = 3ADA2D8822162760005E6BD0 /* SimpleOption.swift */; };
		3ADA2D8C22162BF7005E6BD0 /* SimpleOptionTableViewCell.swift in Sources */ = {isa = PBXBuildFile; fileRef = 3ADA2D8B22162BF7005E6BD0 /* SimpleOptionTableViewCell.swift */; };
		3ADA2D9522163EEE005E6BD0 /* BaseCollectionViewController.swift in Sources */ = {isa = PBXBuildFile; fileRef = 3ADA2D9222163EEE005E6BD0 /* BaseCollectionViewController.swift */; };
		3ADA2D9622163EEE005E6BD0 /* BaseViewController.swift in Sources */ = {isa = PBXBuildFile; fileRef = 3ADA2D9322163EEE005E6BD0 /* BaseViewController.swift */; };
		3ADA2D9722163EEE005E6BD0 /* BaseTableViewController.swift in Sources */ = {isa = PBXBuildFile; fileRef = 3ADA2D9422163EEE005E6BD0 /* BaseTableViewController.swift */; };
		3ADA2D9C22163F0E005E6BD0 /* NetworkErrorView.swift in Sources */ = {isa = PBXBuildFile; fileRef = 3ADA2D9922163F0E005E6BD0 /* NetworkErrorView.swift */; };
		3ADA2D9D22163F0E005E6BD0 /* LoadingView.swift in Sources */ = {isa = PBXBuildFile; fileRef = 3ADA2D9A22163F0E005E6BD0 /* LoadingView.swift */; };
		3ADA2D9E22163F0E005E6BD0 /* ErrorView.swift in Sources */ = {isa = PBXBuildFile; fileRef = 3ADA2D9B22163F0E005E6BD0 /* ErrorView.swift */; };
		3ADE82652229C56500D3FD7A /* SimpleSearchBar.swift in Sources */ = {isa = PBXBuildFile; fileRef = 3ADE82642229C56500D3FD7A /* SimpleSearchBar.swift */; };
		3ADE82692229C9C000D3FD7A /* TodoTableViewCell.swift in Sources */ = {isa = PBXBuildFile; fileRef = 3ADE82682229C9C000D3FD7A /* TodoTableViewCell.swift */; };
		3ADE826B2229D0E000D3FD7A /* TodoListViewController.swift in Sources */ = {isa = PBXBuildFile; fileRef = 3ADE826A2229D0E000D3FD7A /* TodoListViewController.swift */; };
		3AF9F7CE26D05E6800433FD7 /* WebViewController.swift in Sources */ = {isa = PBXBuildFile; fileRef = 3AF9F7CD26D05E6800433FD7 /* WebViewController.swift */; };
		AB578450263746A000558651 /* ViewExtensions.swift in Sources */ = {isa = PBXBuildFile; fileRef = AB57844F263746A000558651 /* ViewExtensions.swift */; };
		AB5784AB26376AE600558651 /* Localizable.strings in Resources */ = {isa = PBXBuildFile; fileRef = 3A2F23262214A7A800A2FB4F /* Localizable.strings */; };
		AB5784B0263771F800558651 /* SharedAssets.xcassets in Resources */ = {isa = PBXBuildFile; fileRef = AB5784AF263771F800558651 /* SharedAssets.xcassets */; };
		AB5784B1263771F800558651 /* SharedAssets.xcassets in Resources */ = {isa = PBXBuildFile; fileRef = AB5784AF263771F800558651 /* SharedAssets.xcassets */; };
		AB5785682639CD1900558651 /* ToDoListView.swift in Sources */ = {isa = PBXBuildFile; fileRef = AB5785672639CD1900558651 /* ToDoListView.swift */; };
		AB57856D2639D0C300558651 /* ToDoListViewModel.swift in Sources */ = {isa = PBXBuildFile; fileRef = AB57856C2639D0C300558651 /* ToDoListViewModel.swift */; };
		AB5785732639D22F00558651 /* LoadingView.swift in Sources */ = {isa = PBXBuildFile; fileRef = AB5785722639D22F00558651 /* LoadingView.swift */; };
		AB57857A2639E8FA00558651 /* AlertMessageView.swift in Sources */ = {isa = PBXBuildFile; fileRef = AB5785792639E8FA00558651 /* AlertMessageView.swift */; };
		AB9E18832637199600225E57 /* SimpleOption.swift in Sources */ = {isa = PBXBuildFile; fileRef = 3ADA2D8822162760005E6BD0 /* SimpleOption.swift */; };
		AB9E1887263719A500225E57 /* Enumerators.swift in Sources */ = {isa = PBXBuildFile; fileRef = 3ADA2D8122162454005E6BD0 /* Enumerators.swift */; };
		AB9E188F263719E400225E57 /* StringsLocalizedExtension.swift in Sources */ = {isa = PBXBuildFile; fileRef = 3A2F22F22214A57D00A2FB4F /* StringsLocalizedExtension.swift */; };
		AB9E1890263719E400225E57 /* StringExtensions.swift in Sources */ = {isa = PBXBuildFile; fileRef = 3A2F22E42214A57D00A2FB4F /* StringExtensions.swift */; };
		AB9E1891263719E400225E57 /* StringBase64Extension.swift in Sources */ = {isa = PBXBuildFile; fileRef = 3A2F22DF2214A57D00A2FB4F /* StringBase64Extension.swift */; };
		AB9E189526371A1600225E57 /* SwiftColorsExtension.swift in Sources */ = {isa = PBXBuildFile; fileRef = 3A2F22ED2214A57D00A2FB4F /* SwiftColorsExtension.swift */; };
		AB9E189C26371AB800225E57 /* UIImageTintedExtension.swift in Sources */ = {isa = PBXBuildFile; fileRef = 3A2F22F52214A57D00A2FB4F /* UIImageTintedExtension.swift */; };
		AB9E18B226371C7400225E57 /* HomeView.swift in Sources */ = {isa = PBXBuildFile; fileRef = AB9E18B126371C7400225E57 /* HomeView.swift */; };
		AB9E18C62637238400225E57 /* HomeViewModel.swift in Sources */ = {isa = PBXBuildFile; fileRef = AB9E18C52637238400225E57 /* HomeViewModel.swift */; };
		AB9E18CE2637255500225E57 /* CollectionExtensions.swift in Sources */ = {isa = PBXBuildFile; fileRef = 3A2F22F42214A57D00A2FB4F /* CollectionExtensions.swift */; };
		AB9E18D526372A7200225E57 /* ViewModelState.swift in Sources */ = {isa = PBXBuildFile; fileRef = AB9E18D426372A7200225E57 /* ViewModelState.swift */; };
		ABCDC1A8261D0A4C00BEEF5C /* Interface.storyboard in Resources */ = {isa = PBXBuildFile; fileRef = ABCDC1A6261D0A4C00BEEF5C /* Interface.storyboard */; };
		ABCDC1AA261D0A4F00BEEF5C /* Assets.xcassets in Resources */ = {isa = PBXBuildFile; fileRef = ABCDC1A9261D0A4F00BEEF5C /* Assets.xcassets */; };
		ABCDC1B1261D0A4F00BEEF5C /* Sample-AppleWatch Extension.appex in Embed App Extensions */ = {isa = PBXBuildFile; fileRef = ABCDC1B0261D0A4F00BEEF5C /* Sample-AppleWatch Extension.appex */; settings = {ATTRIBUTES = (RemoveHeadersOnCopy, ); }; };
		ABCDC1BA261D0A4F00BEEF5C /* ExtensionDelegate.swift in Sources */ = {isa = PBXBuildFile; fileRef = ABCDC1B9261D0A4F00BEEF5C /* ExtensionDelegate.swift */; };
		ABCDC1BE261D0A5000BEEF5C /* Assets.xcassets in Resources */ = {isa = PBXBuildFile; fileRef = ABCDC1BD261D0A5000BEEF5C /* Assets.xcassets */; };
		ABCDC1C1261D0A5000BEEF5C /* Preview Assets.xcassets in Resources */ = {isa = PBXBuildFile; fileRef = ABCDC1C0261D0A5000BEEF5C /* Preview Assets.xcassets */; };
		ABCDC1C5261D0A5000BEEF5C /* Sample-AppleWatch.app in Embed Watch Content */ = {isa = PBXBuildFile; fileRef = ABCDC1A4261D0A4C00BEEF5C /* Sample-AppleWatch.app */; platformFilter = ios; settings = {ATTRIBUTES = (RemoveHeadersOnCopy, ); }; };
		ABCDC21D261D224C00BEEF5C /* EnvironmentUtil.swift in Sources */ = {isa = PBXBuildFile; fileRef = 3A2F22F92214A57D00A2FB4F /* EnvironmentUtil.swift */; };
		ABCDC222261D22AC00BEEF5C /* EnvironmentUtil+iOS.swift in Sources */ = {isa = PBXBuildFile; fileRef = ABCDC221261D22AC00BEEF5C /* EnvironmentUtil+iOS.swift */; };
		ABCDC227261D22FF00BEEF5C /* EnvironmentUtil+watchOS.swift in Sources */ = {isa = PBXBuildFile; fileRef = ABCDC226261D22FF00BEEF5C /* EnvironmentUtil+watchOS.swift */; };
		B048DD759D7C785873530B05 /* Pods_Sample.framework in Frameworks */ = {isa = PBXBuildFile; fileRef = 5FDAA0743304F74D3D1644FD /* Pods_Sample.framework */; };
		EE55AB5FEE6B8262D82B72C6 /* Pods_Sample_AppleWatch_Extension.framework in Frameworks */ = {isa = PBXBuildFile; fileRef = C7BE7D7AC39A39820B5BC32E /* Pods_Sample_AppleWatch_Extension.framework */; };
/* End PBXBuildFile section */

/* Begin PBXContainerItemProxy section */
		ABCDC1B2261D0A4F00BEEF5C /* PBXContainerItemProxy */ = {
			isa = PBXContainerItemProxy;
			containerPortal = 3A2F22B92214A4DA00A2FB4F /* Project object */;
			proxyType = 1;
			remoteGlobalIDString = ABCDC1AF261D0A4F00BEEF5C;
			remoteInfo = "Sample-AppleWatch Extension";
		};
		ABCDC1C3261D0A5000BEEF5C /* PBXContainerItemProxy */ = {
			isa = PBXContainerItemProxy;
			containerPortal = 3A2F22B92214A4DA00A2FB4F /* Project object */;
			proxyType = 1;
			remoteGlobalIDString = ABCDC1A3261D0A4C00BEEF5C;
			remoteInfo = "Sample-AppleWatch";
		};
/* End PBXContainerItemProxy section */

/* Begin PBXCopyFilesBuildPhase section */
		ABCDC1C6261D0A5000BEEF5C /* Embed Watch Content */ = {
			isa = PBXCopyFilesBuildPhase;
			buildActionMask = 2147483647;
			dstPath = "$(CONTENTS_FOLDER_PATH)/Watch";
			dstSubfolderSpec = 16;
			files = (
				ABCDC1C5261D0A5000BEEF5C /* Sample-AppleWatch.app in Embed Watch Content */,
			);
			name = "Embed Watch Content";
			runOnlyForDeploymentPostprocessing = 0;
		};
		ABCDC1C9261D0A5000BEEF5C /* Embed App Extensions */ = {
			isa = PBXCopyFilesBuildPhase;
			buildActionMask = 2147483647;
			dstPath = "";
			dstSubfolderSpec = 13;
			files = (
				ABCDC1B1261D0A4F00BEEF5C /* Sample-AppleWatch Extension.appex in Embed App Extensions */,
			);
			name = "Embed App Extensions";
			runOnlyForDeploymentPostprocessing = 0;
		};
/* End PBXCopyFilesBuildPhase section */

/* Begin PBXFileReference section */
		1360A2DCC25A7B56020F42F9 /* Pods-Sample.debug.xcconfig */ = {isa = PBXFileReference; includeInIndex = 1; lastKnownFileType = text.xcconfig; name = "Pods-Sample.debug.xcconfig"; path = "Target Support Files/Pods-Sample/Pods-Sample.debug.xcconfig"; sourceTree = "<group>"; };
		3A2F22C12214A4DA00A2FB4F /* Ezored.app */ = {isa = PBXFileReference; explicitFileType = wrapper.application; includeInIndex = 0; path = Ezored.app; sourceTree = BUILT_PRODUCTS_DIR; };
		3A2F22CB2214A4DB00A2FB4F /* Assets.xcassets */ = {isa = PBXFileReference; lastKnownFileType = folder.assetcatalog; path = Assets.xcassets; sourceTree = "<group>"; };
		3A2F22CE2214A4DB00A2FB4F /* Base */ = {isa = PBXFileReference; lastKnownFileType = file.storyboard; name = Base; path = Base.lproj/LaunchScreen.storyboard; sourceTree = "<group>"; };
		3A2F22D02214A4DB00A2FB4F /* Info.plist */ = {isa = PBXFileReference; lastKnownFileType = text.plist.xml; path = Info.plist; sourceTree = "<group>"; };
		3A2F22D82214A57D00A2FB4F /* HomeViewController.swift */ = {isa = PBXFileReference; fileEncoding = 4; lastKnownFileType = sourcecode.swift; path = HomeViewController.swift; sourceTree = "<group>"; };
		3A2F22D92214A57D00A2FB4F /* SettingsViewController.swift */ = {isa = PBXFileReference; fileEncoding = 4; lastKnownFileType = sourcecode.swift; path = SettingsViewController.swift; sourceTree = "<group>"; };
		3A2F22DB2214A57D00A2FB4F /* ViewClearConstraintsRecursivellyExtension.swift */ = {isa = PBXFileReference; fileEncoding = 4; lastKnownFileType = sourcecode.swift; path = ViewClearConstraintsRecursivellyExtension.swift; sourceTree = "<group>"; };
		3A2F22DC2214A57D00A2FB4F /* UITextFieldPaddingViewExtension.swift */ = {isa = PBXFileReference; fileEncoding = 4; lastKnownFileType = sourcecode.swift; path = UITextFieldPaddingViewExtension.swift; sourceTree = "<group>"; };
		3A2F22DD2214A57D00A2FB4F /* UIButtonImageSpacingExtension.swift */ = {isa = PBXFileReference; fileEncoding = 4; lastKnownFileType = sourcecode.swift; path = UIButtonImageSpacingExtension.swift; sourceTree = "<group>"; };
		3A2F22DE2214A57D00A2FB4F /* ViewControllerIsVisibleExtension.swift */ = {isa = PBXFileReference; fileEncoding = 4; lastKnownFileType = sourcecode.swift; path = ViewControllerIsVisibleExtension.swift; sourceTree = "<group>"; };
		3A2F22DF2214A57D00A2FB4F /* StringBase64Extension.swift */ = {isa = PBXFileReference; fileEncoding = 4; lastKnownFileType = sourcecode.swift; path = StringBase64Extension.swift; sourceTree = "<group>"; };
		3A2F22E02214A57D00A2FB4F /* UIColorToRGBExtension.swift */ = {isa = PBXFileReference; fileEncoding = 4; lastKnownFileType = sourcecode.swift; path = UIColorToRGBExtension.swift; sourceTree = "<group>"; };
		3A2F22E12214A57D00A2FB4F /* UIColorToHexExtension.swift */ = {isa = PBXFileReference; fileEncoding = 4; lastKnownFileType = sourcecode.swift; path = UIColorToHexExtension.swift; sourceTree = "<group>"; };
		3A2F22E22214A57D00A2FB4F /* ViewConstraintsExtension.swift */ = {isa = PBXFileReference; fileEncoding = 4; lastKnownFileType = sourcecode.swift; path = ViewConstraintsExtension.swift; sourceTree = "<group>"; };
		3A2F22E32214A57D00A2FB4F /* UIImageFixRotationExtension.swift */ = {isa = PBXFileReference; fileEncoding = 4; lastKnownFileType = sourcecode.swift; path = UIImageFixRotationExtension.swift; sourceTree = "<group>"; };
		3A2F22E42214A57D00A2FB4F /* StringExtensions.swift */ = {isa = PBXFileReference; fileEncoding = 4; lastKnownFileType = sourcecode.swift; path = StringExtensions.swift; sourceTree = "<group>"; };
		3A2F22E52214A57D00A2FB4F /* WKWebViewEvaluateExtension.swift */ = {isa = PBXFileReference; fileEncoding = 4; lastKnownFileType = sourcecode.swift; path = WKWebViewEvaluateExtension.swift; sourceTree = "<group>"; };
		3A2F22E62214A57D00A2FB4F /* UITableViewExtension.swift */ = {isa = PBXFileReference; fileEncoding = 4; lastKnownFileType = sourcecode.swift; path = UITableViewExtension.swift; sourceTree = "<group>"; };
		3A2F22E72214A57D00A2FB4F /* TimePartsExtension.swift */ = {isa = PBXFileReference; fileEncoding = 4; lastKnownFileType = sourcecode.swift; path = TimePartsExtension.swift; sourceTree = "<group>"; };
		3A2F22E82214A57D00A2FB4F /* DictionaryMergeExtension.swift */ = {isa = PBXFileReference; fileEncoding = 4; lastKnownFileType = sourcecode.swift; path = DictionaryMergeExtension.swift; sourceTree = "<group>"; };
		3A2F22E92214A57D00A2FB4F /* FadeViewExtension.swift */ = {isa = PBXFileReference; fileEncoding = 4; lastKnownFileType = sourcecode.swift; path = FadeViewExtension.swift; sourceTree = "<group>"; };
		3A2F22EA2214A57D00A2FB4F /* ShuffleExtension.swift */ = {isa = PBXFileReference; fileEncoding = 4; lastKnownFileType = sourcecode.swift; path = ShuffleExtension.swift; sourceTree = "<group>"; };
		3A2F22EB2214A57D00A2FB4F /* UIDeviceTypeExtension.swift */ = {isa = PBXFileReference; fileEncoding = 4; lastKnownFileType = sourcecode.swift; path = UIDeviceTypeExtension.swift; sourceTree = "<group>"; };
		3A2F22EC2214A57D00A2FB4F /* UIImageColors.swift */ = {isa = PBXFileReference; fileEncoding = 4; lastKnownFileType = sourcecode.swift; path = UIImageColors.swift; sourceTree = "<group>"; };
		3A2F22ED2214A57D00A2FB4F /* SwiftColorsExtension.swift */ = {isa = PBXFileReference; fileEncoding = 4; lastKnownFileType = sourcecode.swift; path = SwiftColorsExtension.swift; sourceTree = "<group>"; };
		3A2F22EE2214A57D00A2FB4F /* IntToTimeIntervalExtension.swift */ = {isa = PBXFileReference; fileEncoding = 4; lastKnownFileType = sourcecode.swift; path = IntToTimeIntervalExtension.swift; sourceTree = "<group>"; };
		3A2F22EF2214A57D00A2FB4F /* SKProductLocalizedPriceExtension.swift */ = {isa = PBXFileReference; fileEncoding = 4; lastKnownFileType = sourcecode.swift; path = SKProductLocalizedPriceExtension.swift; sourceTree = "<group>"; };
		3A2F22F02214A57D00A2FB4F /* UIImageViewBlurExtension.swift */ = {isa = PBXFileReference; fileEncoding = 4; lastKnownFileType = sourcecode.swift; path = UIImageViewBlurExtension.swift; sourceTree = "<group>"; };
		3A2F22F12214A57D00A2FB4F /* ApplicationTopViewControllerExtension.swift */ = {isa = PBXFileReference; fileEncoding = 4; lastKnownFileType = sourcecode.swift; path = ApplicationTopViewControllerExtension.swift; sourceTree = "<group>"; };
		3A2F22F22214A57D00A2FB4F /* StringsLocalizedExtension.swift */ = {isa = PBXFileReference; fileEncoding = 4; lastKnownFileType = sourcecode.swift; path = StringsLocalizedExtension.swift; sourceTree = "<group>"; };
		3A2F22F32214A57D00A2FB4F /* UIImageExtension.swift */ = {isa = PBXFileReference; fileEncoding = 4; lastKnownFileType = sourcecode.swift; path = UIImageExtension.swift; sourceTree = "<group>"; };
		3A2F22F42214A57D00A2FB4F /* CollectionExtensions.swift */ = {isa = PBXFileReference; fileEncoding = 4; lastKnownFileType = sourcecode.swift; path = CollectionExtensions.swift; sourceTree = "<group>"; };
		3A2F22F52214A57D00A2FB4F /* UIImageTintedExtension.swift */ = {isa = PBXFileReference; fileEncoding = 4; lastKnownFileType = sourcecode.swift; path = UIImageTintedExtension.swift; sourceTree = "<group>"; };
		3A2F22F62214A57D00A2FB4F /* ViewConstrainToEdgesExtension.swift */ = {isa = PBXFileReference; fileEncoding = 4; lastKnownFileType = sourcecode.swift; path = ViewConstrainToEdgesExtension.swift; sourceTree = "<group>"; };
		3A2F22F82214A57D00A2FB4F /* UIHelper.swift */ = {isa = PBXFileReference; fileEncoding = 4; lastKnownFileType = sourcecode.swift; path = UIHelper.swift; sourceTree = "<group>"; };
		3A2F22F92214A57D00A2FB4F /* EnvironmentUtil.swift */ = {isa = PBXFileReference; fileEncoding = 4; lastKnownFileType = sourcecode.swift; path = EnvironmentUtil.swift; sourceTree = "<group>"; };
		3A2F22FB2214A57D00A2FB4F /* AppData.swift */ = {isa = PBXFileReference; fileEncoding = 4; lastKnownFileType = sourcecode.swift; path = AppData.swift; sourceTree = "<group>"; };
		3A2F22FC2214A57D00A2FB4F /* AppDelegate.swift */ = {isa = PBXFileReference; fileEncoding = 4; lastKnownFileType = sourcecode.swift; path = AppDelegate.swift; sourceTree = "<group>"; };
		3A2F23252214A7A800A2FB4F /* en */ = {isa = PBXFileReference; lastKnownFileType = text.plist.strings; name = en; path = en.lproj/Localizable.strings; sourceTree = "<group>"; };
		3A2F23282214A84D00A2FB4F /* pt-BR */ = {isa = PBXFileReference; lastKnownFileType = text.plist.strings; name = "pt-BR"; path = "pt-BR.lproj/Localizable.strings"; sourceTree = "<group>"; };
		3A2F23302214B05B00A2FB4F /* Sample-Bridging-Header.h */ = {isa = PBXFileReference; lastKnownFileType = sourcecode.c.h; path = "Sample-Bridging-Header.h"; sourceTree = "<group>"; };
		3A5B99602662F0890063EFD0 /* ColorExtensions.swift */ = {isa = PBXFileReference; lastKnownFileType = sourcecode.swift; path = ColorExtensions.swift; sourceTree = "<group>"; };
		3AB800B827069231001EA224 /* DateTimeHelper.swift */ = {isa = PBXFileReference; fileEncoding = 4; lastKnownFileType = sourcecode.swift; path = DateTimeHelper.swift; sourceTree = "<group>"; };
		3AB800B927069231001EA224 /* BundleHelper.swift */ = {isa = PBXFileReference; fileEncoding = 4; lastKnownFileType = sourcecode.swift; path = BundleHelper.swift; sourceTree = "<group>"; };
		3AD9F93C22569DA600ED622F /* MainViewController.swift */ = {isa = PBXFileReference; lastKnownFileType = sourcecode.swift; path = MainViewController.swift; sourceTree = "<group>"; };
		3ADA2D8122162454005E6BD0 /* Enumerators.swift */ = {isa = PBXFileReference; fileEncoding = 4; lastKnownFileType = sourcecode.swift; path = Enumerators.swift; sourceTree = "<group>"; };
		3ADA2D8822162760005E6BD0 /* SimpleOption.swift */ = {isa = PBXFileReference; fileEncoding = 4; lastKnownFileType = sourcecode.swift; path = SimpleOption.swift; sourceTree = "<group>"; };
		3ADA2D8B22162BF7005E6BD0 /* SimpleOptionTableViewCell.swift */ = {isa = PBXFileReference; fileEncoding = 4; lastKnownFileType = sourcecode.swift; path = SimpleOptionTableViewCell.swift; sourceTree = "<group>"; };
		3ADA2D9222163EEE005E6BD0 /* BaseCollectionViewController.swift */ = {isa = PBXFileReference; fileEncoding = 4; lastKnownFileType = sourcecode.swift; path = BaseCollectionViewController.swift; sourceTree = "<group>"; };
		3ADA2D9322163EEE005E6BD0 /* BaseViewController.swift */ = {isa = PBXFileReference; fileEncoding = 4; lastKnownFileType = sourcecode.swift; path = BaseViewController.swift; sourceTree = "<group>"; };
		3ADA2D9422163EEE005E6BD0 /* BaseTableViewController.swift */ = {isa = PBXFileReference; fileEncoding = 4; lastKnownFileType = sourcecode.swift; path = BaseTableViewController.swift; sourceTree = "<group>"; };
		3ADA2D9922163F0E005E6BD0 /* NetworkErrorView.swift */ = {isa = PBXFileReference; fileEncoding = 4; lastKnownFileType = sourcecode.swift; path = NetworkErrorView.swift; sourceTree = "<group>"; };
		3ADA2D9A22163F0E005E6BD0 /* LoadingView.swift */ = {isa = PBXFileReference; fileEncoding = 4; lastKnownFileType = sourcecode.swift; path = LoadingView.swift; sourceTree = "<group>"; };
		3ADA2D9B22163F0E005E6BD0 /* ErrorView.swift */ = {isa = PBXFileReference; fileEncoding = 4; lastKnownFileType = sourcecode.swift; path = ErrorView.swift; sourceTree = "<group>"; };
		3ADE82642229C56500D3FD7A /* SimpleSearchBar.swift */ = {isa = PBXFileReference; fileEncoding = 4; lastKnownFileType = sourcecode.swift; path = SimpleSearchBar.swift; sourceTree = "<group>"; };
		3ADE82682229C9C000D3FD7A /* TodoTableViewCell.swift */ = {isa = PBXFileReference; fileEncoding = 4; lastKnownFileType = sourcecode.swift; path = TodoTableViewCell.swift; sourceTree = "<group>"; };
		3ADE826A2229D0E000D3FD7A /* TodoListViewController.swift */ = {isa = PBXFileReference; lastKnownFileType = sourcecode.swift; path = TodoListViewController.swift; sourceTree = "<group>"; };
		3AE05FAD23AA934B0036BE36 /* Sample.entitlements */ = {isa = PBXFileReference; lastKnownFileType = text.plist.entitlements; path = Sample.entitlements; sourceTree = "<group>"; };
		3AF9F7CD26D05E6800433FD7 /* WebViewController.swift */ = {isa = PBXFileReference; fileEncoding = 4; lastKnownFileType = sourcecode.swift; path = WebViewController.swift; sourceTree = "<group>"; };
		44B5C818ABAE48BF038C2B08 /* Pods-Sample-AppleWatch Extension.debug.xcconfig */ = {isa = PBXFileReference; includeInIndex = 1; lastKnownFileType = text.xcconfig; name = "Pods-Sample-AppleWatch Extension.debug.xcconfig"; path = "Target Support Files/Pods-Sample-AppleWatch Extension/Pods-Sample-AppleWatch Extension.debug.xcconfig"; sourceTree = "<group>"; };
		5FDAA0743304F74D3D1644FD /* Pods_Sample.framework */ = {isa = PBXFileReference; explicitFileType = wrapper.framework; includeInIndex = 0; path = Pods_Sample.framework; sourceTree = BUILT_PRODUCTS_DIR; };
		A6E91F0FCFB4F5DC6F65D06D /* Pods-Sample.release.xcconfig */ = {isa = PBXFileReference; includeInIndex = 1; lastKnownFileType = text.xcconfig; name = "Pods-Sample.release.xcconfig"; path = "Target Support Files/Pods-Sample/Pods-Sample.release.xcconfig"; sourceTree = "<group>"; };
		AB57844F263746A000558651 /* ViewExtensions.swift */ = {isa = PBXFileReference; lastKnownFileType = sourcecode.swift; path = ViewExtensions.swift; sourceTree = "<group>"; };
		AB5784AF263771F800558651 /* SharedAssets.xcassets */ = {isa = PBXFileReference; lastKnownFileType = folder.assetcatalog; path = SharedAssets.xcassets; sourceTree = "<group>"; };
		AB5785672639CD1900558651 /* ToDoListView.swift */ = {isa = PBXFileReference; lastKnownFileType = sourcecode.swift; path = ToDoListView.swift; sourceTree = "<group>"; };
		AB57856C2639D0C300558651 /* ToDoListViewModel.swift */ = {isa = PBXFileReference; lastKnownFileType = sourcecode.swift; path = ToDoListViewModel.swift; sourceTree = "<group>"; };
		AB5785722639D22F00558651 /* LoadingView.swift */ = {isa = PBXFileReference; lastKnownFileType = sourcecode.swift; path = LoadingView.swift; sourceTree = "<group>"; };
		AB5785792639E8FA00558651 /* AlertMessageView.swift */ = {isa = PBXFileReference; lastKnownFileType = sourcecode.swift; path = AlertMessageView.swift; sourceTree = "<group>"; };
		AB9E18B126371C7400225E57 /* HomeView.swift */ = {isa = PBXFileReference; lastKnownFileType = sourcecode.swift; path = HomeView.swift; sourceTree = "<group>"; };
		AB9E18C52637238400225E57 /* HomeViewModel.swift */ = {isa = PBXFileReference; lastKnownFileType = sourcecode.swift; path = HomeViewModel.swift; sourceTree = "<group>"; };
		AB9E18D426372A7200225E57 /* ViewModelState.swift */ = {isa = PBXFileReference; lastKnownFileType = sourcecode.swift; path = ViewModelState.swift; sourceTree = "<group>"; };
		ABCDC1A4261D0A4C00BEEF5C /* Sample-AppleWatch.app */ = {isa = PBXFileReference; explicitFileType = wrapper.application; includeInIndex = 0; path = "Sample-AppleWatch.app"; sourceTree = BUILT_PRODUCTS_DIR; };
		ABCDC1A7261D0A4C00BEEF5C /* Base */ = {isa = PBXFileReference; lastKnownFileType = file.storyboard; name = Base; path = Base.lproj/Interface.storyboard; sourceTree = "<group>"; };
		ABCDC1A9261D0A4F00BEEF5C /* Assets.xcassets */ = {isa = PBXFileReference; lastKnownFileType = folder.assetcatalog; path = Assets.xcassets; sourceTree = "<group>"; };
		ABCDC1AB261D0A4F00BEEF5C /* Info.plist */ = {isa = PBXFileReference; lastKnownFileType = text.plist.xml; path = Info.plist; sourceTree = "<group>"; };
		ABCDC1B0261D0A4F00BEEF5C /* Sample-AppleWatch Extension.appex */ = {isa = PBXFileReference; explicitFileType = "wrapper.app-extension"; includeInIndex = 0; path = "Sample-AppleWatch Extension.appex"; sourceTree = BUILT_PRODUCTS_DIR; };
		ABCDC1B9261D0A4F00BEEF5C /* ExtensionDelegate.swift */ = {isa = PBXFileReference; lastKnownFileType = sourcecode.swift; path = ExtensionDelegate.swift; sourceTree = "<group>"; };
		ABCDC1BD261D0A5000BEEF5C /* Assets.xcassets */ = {isa = PBXFileReference; lastKnownFileType = folder.assetcatalog; path = Assets.xcassets; sourceTree = "<group>"; };
		ABCDC1C0261D0A5000BEEF5C /* Preview Assets.xcassets */ = {isa = PBXFileReference; lastKnownFileType = folder.assetcatalog; path = "Preview Assets.xcassets"; sourceTree = "<group>"; };
		ABCDC1C2261D0A5000BEEF5C /* Info.plist */ = {isa = PBXFileReference; lastKnownFileType = text.plist.xml; path = Info.plist; sourceTree = "<group>"; };
		ABCDC1E8261D1EE100BEEF5C /* Sample-AppleWatch-Bridging-Header.h */ = {isa = PBXFileReference; lastKnownFileType = sourcecode.c.h; path = "Sample-AppleWatch-Bridging-Header.h"; sourceTree = "<group>"; };
		ABCDC221261D22AC00BEEF5C /* EnvironmentUtil+iOS.swift */ = {isa = PBXFileReference; lastKnownFileType = sourcecode.swift; path = "EnvironmentUtil+iOS.swift"; sourceTree = "<group>"; };
		ABCDC226261D22FF00BEEF5C /* EnvironmentUtil+watchOS.swift */ = {isa = PBXFileReference; lastKnownFileType = sourcecode.swift; path = "EnvironmentUtil+watchOS.swift"; sourceTree = "<group>"; };
		C423A0904BF6238458325775 /* Pods-Sample-AppleWatch Extension.release.xcconfig */ = {isa = PBXFileReference; includeInIndex = 1; lastKnownFileType = text.xcconfig; name = "Pods-Sample-AppleWatch Extension.release.xcconfig"; path = "Target Support Files/Pods-Sample-AppleWatch Extension/Pods-Sample-AppleWatch Extension.release.xcconfig"; sourceTree = "<group>"; };
		C7BE7D7AC39A39820B5BC32E /* Pods_Sample_AppleWatch_Extension.framework */ = {isa = PBXFileReference; explicitFileType = wrapper.framework; includeInIndex = 0; path = Pods_Sample_AppleWatch_Extension.framework; sourceTree = BUILT_PRODUCTS_DIR; };
/* End PBXFileReference section */

/* Begin PBXFrameworksBuildPhase section */
		23D893279D3C8763B49E6BF2 /* Frameworks */ = {
			isa = PBXFrameworksBuildPhase;
			buildActionMask = 2147483647;
			files = (
			);
			runOnlyForDeploymentPostprocessing = 0;
		};
		3A2F22BE2214A4DA00A2FB4F /* Frameworks */ = {
			isa = PBXFrameworksBuildPhase;
			buildActionMask = 2147483647;
			files = (
				B048DD759D7C785873530B05 /* Pods_Sample.framework in Frameworks */,
			);
			runOnlyForDeploymentPostprocessing = 0;
		};
		ABCDC1AD261D0A4F00BEEF5C /* Frameworks */ = {
			isa = PBXFrameworksBuildPhase;
			buildActionMask = 2147483647;
			files = (
				EE55AB5FEE6B8262D82B72C6 /* Pods_Sample_AppleWatch_Extension.framework in Frameworks */,
			);
			runOnlyForDeploymentPostprocessing = 0;
		};
/* End PBXFrameworksBuildPhase section */

/* Begin PBXGroup section */
		3A00E97C23AF245E0054007D /* Frameworks */ = {
			isa = PBXGroup;
			children = (
				5FDAA0743304F74D3D1644FD /* Pods_Sample.framework */,
				C7BE7D7AC39A39820B5BC32E /* Pods_Sample_AppleWatch_Extension.framework */,
			);
			name = Frameworks;
			sourceTree = "<group>";
		};
		3A2F22B82214A4DA00A2FB4F = {
			isa = PBXGroup;
			children = (
				3A00E97C23AF245E0054007D /* Frameworks */,
				EC345A102B299D92422AC91C /* Pods */,
				3A2F22C22214A4DA00A2FB4F /* Products */,
				3A2F22C32214A4DA00A2FB4F /* Sample */,
				ABCDC1A5261D0A4C00BEEF5C /* Sample-AppleWatch */,
				ABCDC1B4261D0A4F00BEEF5C /* Sample-AppleWatch Extension */,
				ABCDC219261D222300BEEF5C /* Shared */,
			);
			sourceTree = "<group>";
		};
		3A2F22C22214A4DA00A2FB4F /* Products */ = {
			isa = PBXGroup;
			children = (
				3A2F22C12214A4DA00A2FB4F /* Ezored.app */,
				ABCDC1A4261D0A4C00BEEF5C /* Sample-AppleWatch.app */,
				ABCDC1B0261D0A4F00BEEF5C /* Sample-AppleWatch Extension.appex */,
			);
			name = Products;
			sourceTree = "<group>";
		};
		3A2F22C32214A4DA00A2FB4F /* Sample */ = {
			isa = PBXGroup;
			children = (
				3A2F22FA2214A57D00A2FB4F /* App */,
				3A2F22CB2214A4DB00A2FB4F /* Assets.xcassets */,
				3A2F22DA2214A57D00A2FB4F /* Extensions */,
				3A2F22F72214A57D00A2FB4F /* Helpers */,
				3A2F22D02214A4DB00A2FB4F /* Info.plist */,
				3A2F22CD2214A4DB00A2FB4F /* LaunchScreen.storyboard */,
				3A2F23262214A7A800A2FB4F /* Localizable.strings */,
				3A2F23302214B05B00A2FB4F /* Sample-Bridging-Header.h */,
				3AE05FAD23AA934B0036BE36 /* Sample.entitlements */,
				3A2F22D62214A57D00A2FB4F /* UI */,
			);
			path = Sample;
			sourceTree = "<group>";
		};
		3A2F22D62214A57D00A2FB4F /* UI */ = {
			isa = PBXGroup;
			children = (
				3ADA2D8A22162BF7005E6BD0 /* Cells */,
				3ADA2D7422161918005E6BD0 /* Components */,
				3A2F22D72214A57D00A2FB4F /* Controllers */,
			);
			path = UI;
			sourceTree = "<group>";
		};
		3A2F22D72214A57D00A2FB4F /* Controllers */ = {
			isa = PBXGroup;
			children = (
				3ADA2D9122163EEE005E6BD0 /* Base */,
				3A2F22D82214A57D00A2FB4F /* HomeViewController.swift */,
				3AD9F93C22569DA600ED622F /* MainViewController.swift */,
				3A2F22D92214A57D00A2FB4F /* SettingsViewController.swift */,
				3ADE826A2229D0E000D3FD7A /* TodoListViewController.swift */,
				3AF9F7CD26D05E6800433FD7 /* WebViewController.swift */,
			);
			path = Controllers;
			sourceTree = "<group>";
		};
		3A2F22DA2214A57D00A2FB4F /* Extensions */ = {
			isa = PBXGroup;
			children = (
				3A2F22F12214A57D00A2FB4F /* ApplicationTopViewControllerExtension.swift */,
				3A2F22E82214A57D00A2FB4F /* DictionaryMergeExtension.swift */,
				3A2F22E92214A57D00A2FB4F /* FadeViewExtension.swift */,
				3A2F22EE2214A57D00A2FB4F /* IntToTimeIntervalExtension.swift */,
				3A2F22EA2214A57D00A2FB4F /* ShuffleExtension.swift */,
				3A2F22EF2214A57D00A2FB4F /* SKProductLocalizedPriceExtension.swift */,
				3A2F22E72214A57D00A2FB4F /* TimePartsExtension.swift */,
				3A2F22DD2214A57D00A2FB4F /* UIButtonImageSpacingExtension.swift */,
				3A2F22E12214A57D00A2FB4F /* UIColorToHexExtension.swift */,
				3A2F22E02214A57D00A2FB4F /* UIColorToRGBExtension.swift */,
				3A2F22EB2214A57D00A2FB4F /* UIDeviceTypeExtension.swift */,
				3A2F22EC2214A57D00A2FB4F /* UIImageColors.swift */,
				3A2F22F32214A57D00A2FB4F /* UIImageExtension.swift */,
				3A2F22E32214A57D00A2FB4F /* UIImageFixRotationExtension.swift */,
				3A2F22F02214A57D00A2FB4F /* UIImageViewBlurExtension.swift */,
				3A2F22E62214A57D00A2FB4F /* UITableViewExtension.swift */,
				3A2F22DC2214A57D00A2FB4F /* UITextFieldPaddingViewExtension.swift */,
				3A2F22DB2214A57D00A2FB4F /* ViewClearConstraintsRecursivellyExtension.swift */,
				3A2F22F62214A57D00A2FB4F /* ViewConstrainToEdgesExtension.swift */,
				3A2F22E22214A57D00A2FB4F /* ViewConstraintsExtension.swift */,
				3A2F22DE2214A57D00A2FB4F /* ViewControllerIsVisibleExtension.swift */,
				3A2F22E52214A57D00A2FB4F /* WKWebViewEvaluateExtension.swift */,
			);
			path = Extensions;
			sourceTree = "<group>";
		};
		3A2F22F72214A57D00A2FB4F /* Helpers */ = {
			isa = PBXGroup;
			children = (
				3A2F22F82214A57D00A2FB4F /* UIHelper.swift */,
			);
			path = Helpers;
			sourceTree = "<group>";
		};
		3A2F22FA2214A57D00A2FB4F /* App */ = {
			isa = PBXGroup;
			children = (
				3A2F22FB2214A57D00A2FB4F /* AppData.swift */,
				3A2F22FC2214A57D00A2FB4F /* AppDelegate.swift */,
				ABCDC221261D22AC00BEEF5C /* EnvironmentUtil+iOS.swift */,
			);
			path = App;
			sourceTree = "<group>";
		};
		3AB800B727069231001EA224 /* Helpers */ = {
			isa = PBXGroup;
			children = (
				3AB800B927069231001EA224 /* BundleHelper.swift */,
				3AB800B827069231001EA224 /* DateTimeHelper.swift */,
			);
			path = Helpers;
			sourceTree = "<group>";
		};
		3ADA2D7422161918005E6BD0 /* Components */ = {
			isa = PBXGroup;
			children = (
				3ADE82632229C56500D3FD7A /* Controls */,
				3ADA2D9822163F0E005E6BD0 /* Views */,
			);
			path = Components;
			sourceTree = "<group>";
		};
		3ADA2D8722162760005E6BD0 /* Models */ = {
			isa = PBXGroup;
			children = (
				3ADA2D8822162760005E6BD0 /* SimpleOption.swift */,
			);
			path = Models;
			sourceTree = "<group>";
		};
		3ADA2D8A22162BF7005E6BD0 /* Cells */ = {
			isa = PBXGroup;
			children = (
				3ADA2D8B22162BF7005E6BD0 /* SimpleOptionTableViewCell.swift */,
				3ADE82682229C9C000D3FD7A /* TodoTableViewCell.swift */,
			);
			path = Cells;
			sourceTree = "<group>";
		};
		3ADA2D9122163EEE005E6BD0 /* Base */ = {
			isa = PBXGroup;
			children = (
				3ADA2D9222163EEE005E6BD0 /* BaseCollectionViewController.swift */,
				3ADA2D9422163EEE005E6BD0 /* BaseTableViewController.swift */,
				3ADA2D9322163EEE005E6BD0 /* BaseViewController.swift */,
			);
			path = Base;
			sourceTree = "<group>";
		};
		3ADA2D9822163F0E005E6BD0 /* Views */ = {
			isa = PBXGroup;
			children = (
				3ADA2D9B22163F0E005E6BD0 /* ErrorView.swift */,
				3ADA2D9A22163F0E005E6BD0 /* LoadingView.swift */,
				3ADA2D9922163F0E005E6BD0 /* NetworkErrorView.swift */,
			);
			path = Views;
			sourceTree = "<group>";
		};
		3ADE82632229C56500D3FD7A /* Controls */ = {
			isa = PBXGroup;
			children = (
				3ADE82642229C56500D3FD7A /* SimpleSearchBar.swift */,
			);
			path = Controls;
			sourceTree = "<group>";
		};
		AB57844E2637469000558651 /* Extensions */ = {
			isa = PBXGroup;
			children = (
				3A5B99602662F0890063EFD0 /* ColorExtensions.swift */,
				AB57844F263746A000558651 /* ViewExtensions.swift */,
			);
			path = Extensions;
			sourceTree = "<group>";
		};
		AB5785662639CD0B00558651 /* ToDoList */ = {
			isa = PBXGroup;
			children = (
				AB5785672639CD1900558651 /* ToDoListView.swift */,
				AB57856C2639D0C300558651 /* ToDoListViewModel.swift */,
			);
			path = ToDoList;
			sourceTree = "<group>";
		};
		AB5785712639D22300558651 /* Common */ = {
			isa = PBXGroup;
			children = (
				AB5785792639E8FA00558651 /* AlertMessageView.swift */,
				AB5785722639D22F00558651 /* LoadingView.swift */,
			);
			path = Common;
			sourceTree = "<group>";
		};
		AB9E188E263719D700225E57 /* Extensions */ = {
			isa = PBXGroup;
			children = (
				3A2F22F42214A57D00A2FB4F /* CollectionExtensions.swift */,
				3A2F22F52214A57D00A2FB4F /* UIImageTintedExtension.swift */,
				3A2F22DF2214A57D00A2FB4F /* StringBase64Extension.swift */,
				3A2F22E42214A57D00A2FB4F /* StringExtensions.swift */,
				3A2F22ED2214A57D00A2FB4F /* SwiftColorsExtension.swift */,
				3A2F22F22214A57D00A2FB4F /* StringsLocalizedExtension.swift */,
			);
			path = Extensions;
			sourceTree = "<group>";
		};
		AB9E18C42637236F00225E57 /* Home */ = {
			isa = PBXGroup;
			children = (
				AB9E18B126371C7400225E57 /* HomeView.swift */,
				AB9E18C52637238400225E57 /* HomeViewModel.swift */,
			);
			path = Home;
			sourceTree = "<group>";
		};
		AB9E18D326372A6800225E57 /* Models */ = {
			isa = PBXGroup;
			children = (
				AB9E18D426372A7200225E57 /* ViewModelState.swift */,
			);
			path = Models;
			sourceTree = "<group>";
		};
		ABCDC1A5261D0A4C00BEEF5C /* Sample-AppleWatch */ = {
			isa = PBXGroup;
			children = (
				ABCDC1A9261D0A4F00BEEF5C /* Assets.xcassets */,
				ABCDC1AB261D0A4F00BEEF5C /* Info.plist */,
				ABCDC1A6261D0A4C00BEEF5C /* Interface.storyboard */,
			);
			path = "Sample-AppleWatch";
			sourceTree = "<group>";
		};
		ABCDC1B4261D0A4F00BEEF5C /* Sample-AppleWatch Extension */ = {
			isa = PBXGroup;
			children = (
				ABCDC1E6261D1E9D00BEEF5C /* App */,
				AB57844E2637469000558651 /* Extensions */,
				AB9E18D326372A6800225E57 /* Models */,
				ABCDC1E7261D1EA800BEEF5C /* Resources */,
				ABCDC1D7261D0B4800BEEF5C /* UI */,
			);
			path = "Sample-AppleWatch Extension";
			sourceTree = "<group>";
		};
		ABCDC1BF261D0A5000BEEF5C /* Preview Content */ = {
			isa = PBXGroup;
			children = (
				ABCDC1C0261D0A5000BEEF5C /* Preview Assets.xcassets */,
			);
			path = "Preview Content";
			sourceTree = "<group>";
		};
		ABCDC1D7261D0B4800BEEF5C /* UI */ = {
			isa = PBXGroup;
			children = (
				AB5785712639D22300558651 /* Common */,
				AB9E18C42637236F00225E57 /* Home */,
				AB5785662639CD0B00558651 /* ToDoList */,
			);
			path = UI;
			sourceTree = "<group>";
		};
		ABCDC1E6261D1E9D00BEEF5C /* App */ = {
			isa = PBXGroup;
			children = (
				ABCDC1B9261D0A4F00BEEF5C /* ExtensionDelegate.swift */,
				ABCDC226261D22FF00BEEF5C /* EnvironmentUtil+watchOS.swift */,
				ABCDC1C2261D0A5000BEEF5C /* Info.plist */,
				ABCDC1E8261D1EE100BEEF5C /* Sample-AppleWatch-Bridging-Header.h */,
			);
			path = App;
			sourceTree = "<group>";
		};
		ABCDC1E7261D1EA800BEEF5C /* Resources */ = {
			isa = PBXGroup;
			children = (
				ABCDC1BD261D0A5000BEEF5C /* Assets.xcassets */,
				ABCDC1BF261D0A5000BEEF5C /* Preview Content */,
			);
			path = Resources;
			sourceTree = "<group>";
		};
		ABCDC219261D222300BEEF5C /* Shared */ = {
			isa = PBXGroup;
			children = (
				ABCDC22E261D239200BEEF5C /* App */,
				AB9E188E263719D700225E57 /* Extensions */,
				3AB800B727069231001EA224 /* Helpers */,
				3ADA2D8722162760005E6BD0 /* Models */,
				AB5784AF263771F800558651 /* SharedAssets.xcassets */,
			);
			path = Shared;
			sourceTree = "<group>";
		};
		ABCDC22E261D239200BEEF5C /* App */ = {
			isa = PBXGroup;
			children = (
				3ADA2D8122162454005E6BD0 /* Enumerators.swift */,
				3A2F22F92214A57D00A2FB4F /* EnvironmentUtil.swift */,
			);
			path = App;
			sourceTree = "<group>";
		};
		EC345A102B299D92422AC91C /* Pods */ = {
			isa = PBXGroup;
			children = (
				1360A2DCC25A7B56020F42F9 /* Pods-Sample.debug.xcconfig */,
				A6E91F0FCFB4F5DC6F65D06D /* Pods-Sample.release.xcconfig */,
				44B5C818ABAE48BF038C2B08 /* Pods-Sample-AppleWatch Extension.debug.xcconfig */,
				C423A0904BF6238458325775 /* Pods-Sample-AppleWatch Extension.release.xcconfig */,
			);
			path = Pods;
			sourceTree = "<group>";
		};
/* End PBXGroup section */

/* Begin PBXNativeTarget section */
		3A2F22C02214A4DA00A2FB4F /* Sample */ = {
			isa = PBXNativeTarget;
			buildConfigurationList = 3A2F22D32214A4DB00A2FB4F /* Build configuration list for PBXNativeTarget "Sample" */;
			buildPhases = (
				272C5C49E51320A6F2F0266B /* [CP] Check Pods Manifest.lock */,
				3A2F22BD2214A4DA00A2FB4F /* Sources */,
				3A2F22BE2214A4DA00A2FB4F /* Frameworks */,
				3A2F22BF2214A4DA00A2FB4F /* Resources */,
				C19BC371029275D9765EE042 /* [CP] Embed Pods Frameworks */,
				ABCDC1C6261D0A5000BEEF5C /* Embed Watch Content */,
				3A21081D26C733C400B322B6 /* Copy  WebApp */,
			);
			buildRules = (
			);
			dependencies = (
				ABCDC1C4261D0A5000BEEF5C /* PBXTargetDependency */,
			);
			name = Sample;
			productName = Sample;
			productReference = 3A2F22C12214A4DA00A2FB4F /* Ezored.app */;
			productType = "com.apple.product-type.application";
		};
		ABCDC1A3261D0A4C00BEEF5C /* Sample-AppleWatch */ = {
			isa = PBXNativeTarget;
			buildConfigurationList = ABCDC1CD261D0A5000BEEF5C /* Build configuration list for PBXNativeTarget "Sample-AppleWatch" */;
			buildPhases = (
				ABCDC1A2261D0A4C00BEEF5C /* Resources */,
				ABCDC1C9261D0A5000BEEF5C /* Embed App Extensions */,
				23D893279D3C8763B49E6BF2 /* Frameworks */,
			);
			buildRules = (
			);
			dependencies = (
				ABCDC1B3261D0A4F00BEEF5C /* PBXTargetDependency */,
			);
			name = "Sample-AppleWatch";
			productName = "Sample-AppleWatch";
			productReference = ABCDC1A4261D0A4C00BEEF5C /* Sample-AppleWatch.app */;
			productType = "com.apple.product-type.application.watchapp2";
		};
		ABCDC1AF261D0A4F00BEEF5C /* Sample-AppleWatch Extension */ = {
			isa = PBXNativeTarget;
			buildConfigurationList = ABCDC1CC261D0A5000BEEF5C /* Build configuration list for PBXNativeTarget "Sample-AppleWatch Extension" */;
			buildPhases = (
				B0DA28AAFAE2E78CF4DC1D40 /* [CP] Check Pods Manifest.lock */,
				ABCDC1AC261D0A4F00BEEF5C /* Sources */,
				ABCDC1AD261D0A4F00BEEF5C /* Frameworks */,
				ABCDC1AE261D0A4F00BEEF5C /* Resources */,
				B11EA867D97B4201D3D2FFA8 /* [CP] Embed Pods Frameworks */,
				3AB800BE270692DA001EA224 /* Copy WebApp */,
			);
			buildRules = (
			);
			dependencies = (
			);
			name = "Sample-AppleWatch Extension";
			productName = "Sample-AppleWatch Extension";
			productReference = ABCDC1B0261D0A4F00BEEF5C /* Sample-AppleWatch Extension.appex */;
			productType = "com.apple.product-type.watchkit2-extension";
		};
/* End PBXNativeTarget section */

/* Begin PBXProject section */
		3A2F22B92214A4DA00A2FB4F /* Project object */ = {
			isa = PBXProject;
			attributes = {
				LastSwiftUpdateCheck = 1240;
				LastUpgradeCheck = 1250;
				ORGANIZATIONNAME = "PRSoluções";
				TargetAttributes = {
					3A2F22C02214A4DA00A2FB4F = {
						CreatedOnToolsVersion = 10.1;
						LastSwiftMigration = 1020;
					};
					ABCDC1A3261D0A4C00BEEF5C = {
						CreatedOnToolsVersion = 12.4;
					};
					ABCDC1AF261D0A4F00BEEF5C = {
						CreatedOnToolsVersion = 12.4;
					};
				};
			};
			buildConfigurationList = 3A2F22BC2214A4DA00A2FB4F /* Build configuration list for PBXProject "Sample" */;
			compatibilityVersion = "Xcode 9.3";
			developmentRegion = en;
			hasScannedForEncodings = 0;
			knownRegions = (
				en,
				Base,
				"pt-BR",
			);
			mainGroup = 3A2F22B82214A4DA00A2FB4F;
			productRefGroup = 3A2F22C22214A4DA00A2FB4F /* Products */;
			projectDirPath = "";
			projectRoot = "";
			targets = (
				3A2F22C02214A4DA00A2FB4F /* Sample */,
				ABCDC1A3261D0A4C00BEEF5C /* Sample-AppleWatch */,
				ABCDC1AF261D0A4F00BEEF5C /* Sample-AppleWatch Extension */,
			);
		};
/* End PBXProject section */

/* Begin PBXResourcesBuildPhase section */
		3A2F22BF2214A4DA00A2FB4F /* Resources */ = {
			isa = PBXResourcesBuildPhase;
			buildActionMask = 2147483647;
			files = (
				3A2F22CF2214A4DB00A2FB4F /* LaunchScreen.storyboard in Resources */,
				3A2F23242214A7A800A2FB4F /* Localizable.strings in Resources */,
				AB5784B0263771F800558651 /* SharedAssets.xcassets in Resources */,
				3A2F22CC2214A4DB00A2FB4F /* Assets.xcassets in Resources */,
			);
			runOnlyForDeploymentPostprocessing = 0;
		};
		ABCDC1A2261D0A4C00BEEF5C /* Resources */ = {
			isa = PBXResourcesBuildPhase;
			buildActionMask = 2147483647;
			files = (
				ABCDC1AA261D0A4F00BEEF5C /* Assets.xcassets in Resources */,
				ABCDC1A8261D0A4C00BEEF5C /* Interface.storyboard in Resources */,
			);
			runOnlyForDeploymentPostprocessing = 0;
		};
		ABCDC1AE261D0A4F00BEEF5C /* Resources */ = {
			isa = PBXResourcesBuildPhase;
			buildActionMask = 2147483647;
			files = (
				ABCDC1C1261D0A5000BEEF5C /* Preview Assets.xcassets in Resources */,
				AB5784AB26376AE600558651 /* Localizable.strings in Resources */,
				AB5784B1263771F800558651 /* SharedAssets.xcassets in Resources */,
				ABCDC1BE261D0A5000BEEF5C /* Assets.xcassets in Resources */,
			);
			runOnlyForDeploymentPostprocessing = 0;
		};
/* End PBXResourcesBuildPhase section */

/* Begin PBXShellScriptBuildPhase section */
		272C5C49E51320A6F2F0266B /* [CP] Check Pods Manifest.lock */ = {
			isa = PBXShellScriptBuildPhase;
			buildActionMask = 2147483647;
			files = (
			);
			inputFileListPaths = (
			);
			inputPaths = (
				"${PODS_PODFILE_DIR_PATH}/Podfile.lock",
				"${PODS_ROOT}/Manifest.lock",
			);
			name = "[CP] Check Pods Manifest.lock";
			outputFileListPaths = (
			);
			outputPaths = (
				"$(DERIVED_FILE_DIR)/Pods-Sample-checkManifestLockResult.txt",
			);
			runOnlyForDeploymentPostprocessing = 0;
			shellPath = /bin/sh;
			shellScript = "diff \"${PODS_PODFILE_DIR_PATH}/Podfile.lock\" \"${PODS_ROOT}/Manifest.lock\" > /dev/null\nif [ $? != 0 ] ; then\n    # print error to STDERR\n    echo \"error: The sandbox is not in sync with the Podfile.lock. Run 'pod install' or update your CocoaPods installation.\" >&2\n    exit 1\nfi\n# This output is used by Xcode 'outputs' to avoid re-running this script phase.\necho \"SUCCESS\" > \"${SCRIPT_OUTPUT_FILE_0}\"\n";
			showEnvVarsInLog = 0;
		};
		3A21081D26C733C400B322B6 /* Copy  WebApp */ = {
			isa = PBXShellScriptBuildPhase;
			buildActionMask = 2147483647;
			files = (
			);
			inputFileListPaths = (
			);
			inputPaths = (
			);
			name = "Copy  WebApp";
			outputFileListPaths = (
			);
			outputPaths = (
			);
			runOnlyForDeploymentPostprocessing = 0;
			shellPath = /bin/sh;
			shellScript = "if [ \"${IS_MACCATALYST}\" = \"YES\" ]; then\n    cp -a -v \"../../../projects/web/Sample/dist/\" \"$TARGET_BUILD_DIR/$CONTENTS_FOLDER_PATH/Resources/webapp/\"\nelse\n    cp -a -v \"../../../projects/web/Sample/dist/\" \"$TARGET_BUILD_DIR/$CONTENTS_FOLDER_PATH/webapp/\"\nfi\n";
		};
		3AB800BE270692DA001EA224 /* Copy WebApp */ = {
			isa = PBXShellScriptBuildPhase;
			buildActionMask = 2147483647;
			files = (
			);
			inputFileListPaths = (
			);
			inputPaths = (
			);
			name = "Copy WebApp";
			outputFileListPaths = (
			);
			outputPaths = (
			);
			runOnlyForDeploymentPostprocessing = 0;
			shellPath = /bin/sh;
			shellScript = "if [ \"${IS_MACCATALYST}\" = \"YES\" ]; then\n    cp -a -v \"../../../projects/web/Sample/dist/\" \"$TARGET_BUILD_DIR/$CONTENTS_FOLDER_PATH/Resources/webapp/\"\nelse\n    cp -a -v \"../../../projects/web/Sample/dist/\" \"$TARGET_BUILD_DIR/$CONTENTS_FOLDER_PATH/webapp/\"\nfi\n";
		};
		B0DA28AAFAE2E78CF4DC1D40 /* [CP] Check Pods Manifest.lock */ = {
			isa = PBXShellScriptBuildPhase;
			buildActionMask = 2147483647;
			files = (
			);
			inputFileListPaths = (
			);
			inputPaths = (
				"${PODS_PODFILE_DIR_PATH}/Podfile.lock",
				"${PODS_ROOT}/Manifest.lock",
			);
			name = "[CP] Check Pods Manifest.lock";
			outputFileListPaths = (
			);
			outputPaths = (
				"$(DERIVED_FILE_DIR)/Pods-Sample-AppleWatch Extension-checkManifestLockResult.txt",
			);
			runOnlyForDeploymentPostprocessing = 0;
			shellPath = /bin/sh;
			shellScript = "diff \"${PODS_PODFILE_DIR_PATH}/Podfile.lock\" \"${PODS_ROOT}/Manifest.lock\" > /dev/null\nif [ $? != 0 ] ; then\n    # print error to STDERR\n    echo \"error: The sandbox is not in sync with the Podfile.lock. Run 'pod install' or update your CocoaPods installation.\" >&2\n    exit 1\nfi\n# This output is used by Xcode 'outputs' to avoid re-running this script phase.\necho \"SUCCESS\" > \"${SCRIPT_OUTPUT_FILE_0}\"\n";
			showEnvVarsInLog = 0;
		};
		B11EA867D97B4201D3D2FFA8 /* [CP] Embed Pods Frameworks */ = {
			isa = PBXShellScriptBuildPhase;
			buildActionMask = 2147483647;
			files = (
			);
			inputFileListPaths = (
				"${PODS_ROOT}/Target Support Files/Pods-Sample-AppleWatch Extension/Pods-Sample-AppleWatch Extension-frameworks-${CONFIGURATION}-input-files.xcfilelist",
			);
			name = "[CP] Embed Pods Frameworks";
			outputFileListPaths = (
				"${PODS_ROOT}/Target Support Files/Pods-Sample-AppleWatch Extension/Pods-Sample-AppleWatch Extension-frameworks-${CONFIGURATION}-output-files.xcfilelist",
			);
			runOnlyForDeploymentPostprocessing = 0;
			shellPath = /bin/sh;
			shellScript = "\"${PODS_ROOT}/Target Support Files/Pods-Sample-AppleWatch Extension/Pods-Sample-AppleWatch Extension-frameworks.sh\"\n";
			showEnvVarsInLog = 0;
		};
		C19BC371029275D9765EE042 /* [CP] Embed Pods Frameworks */ = {
			isa = PBXShellScriptBuildPhase;
			buildActionMask = 2147483647;
			files = (
			);
			inputFileListPaths = (
				"${PODS_ROOT}/Target Support Files/Pods-Sample/Pods-Sample-frameworks-${CONFIGURATION}-input-files.xcfilelist",
			);
			name = "[CP] Embed Pods Frameworks";
			outputFileListPaths = (
				"${PODS_ROOT}/Target Support Files/Pods-Sample/Pods-Sample-frameworks-${CONFIGURATION}-output-files.xcfilelist",
			);
			runOnlyForDeploymentPostprocessing = 0;
			shellPath = /bin/sh;
			shellScript = "\"${PODS_ROOT}/Target Support Files/Pods-Sample/Pods-Sample-frameworks.sh\"\n";
			showEnvVarsInLog = 0;
		};
/* End PBXShellScriptBuildPhase section */

/* Begin PBXSourcesBuildPhase section */
		3A2F22BD2214A4DA00A2FB4F /* Sources */ = {
			isa = PBXSourcesBuildPhase;
			buildActionMask = 2147483647;
			files = (
				3AB800BA27069231001EA224 /* DateTimeHelper.swift in Sources */,
				3ADA2D8922162760005E6BD0 /* SimpleOption.swift in Sources */,
				3ADA2D8222162454005E6BD0 /* Enumerators.swift in Sources */,
				3A2F231A2214A57D00A2FB4F /* ViewConstrainToEdgesExtension.swift in Sources */,
				3AB800BC27069231001EA224 /* BundleHelper.swift in Sources */,
				3A2F23122214A57D00A2FB4F /* IntToTimeIntervalExtension.swift in Sources */,
				3A2F23182214A57D00A2FB4F /* CollectionExtensions.swift in Sources */,
				3A2F231C2214A57D00A2FB4F /* EnvironmentUtil.swift in Sources */,
				3A2F23082214A57D00A2FB4F /* StringExtensions.swift in Sources */,
				3A2F230E2214A57D00A2FB4F /* ShuffleExtension.swift in Sources */,
				3A2F23132214A57D00A2FB4F /* SKProductLocalizedPriceExtension.swift in Sources */,
				3A2F23192214A57D00A2FB4F /* UIImageTintedExtension.swift in Sources */,
				3A2F23052214A57D00A2FB4F /* UIColorToHexExtension.swift in Sources */,
				3A2F23172214A57D00A2FB4F /* UIImageExtension.swift in Sources */,
				3A2F230F2214A57D00A2FB4F /* UIDeviceTypeExtension.swift in Sources */,
				3ADA2D9622163EEE005E6BD0 /* BaseViewController.swift in Sources */,
				3A2F22FD2214A57D00A2FB4F /* HomeViewController.swift in Sources */,
				3A2F23022214A57D00A2FB4F /* ViewControllerIsVisibleExtension.swift in Sources */,
				3A2F23152214A57D00A2FB4F /* ApplicationTopViewControllerExtension.swift in Sources */,
				3A2F23062214A57D00A2FB4F /* ViewConstraintsExtension.swift in Sources */,
				3A2F22FE2214A57D00A2FB4F /* SettingsViewController.swift in Sources */,
				3ADE82692229C9C000D3FD7A /* TodoTableViewCell.swift in Sources */,
				3ADA2D9D22163F0E005E6BD0 /* LoadingView.swift in Sources */,
				3ADA2D8C22162BF7005E6BD0 /* SimpleOptionTableViewCell.swift in Sources */,
				3A2F23012214A57D00A2FB4F /* UIButtonImageSpacingExtension.swift in Sources */,
				3ADE82652229C56500D3FD7A /* SimpleSearchBar.swift in Sources */,
				3A2F23162214A57D00A2FB4F /* StringsLocalizedExtension.swift in Sources */,
				3A2F23102214A57D00A2FB4F /* UIImageColors.swift in Sources */,
				3A2F23092214A57D00A2FB4F /* WKWebViewEvaluateExtension.swift in Sources */,
				3A2F230B2214A57D00A2FB4F /* TimePartsExtension.swift in Sources */,
				3A2F23032214A57D00A2FB4F /* StringBase64Extension.swift in Sources */,
				3A2F23002214A57D00A2FB4F /* UITextFieldPaddingViewExtension.swift in Sources */,
				3A2F23042214A57D00A2FB4F /* UIColorToRGBExtension.swift in Sources */,
				3A2F230C2214A57D00A2FB4F /* DictionaryMergeExtension.swift in Sources */,
				ABCDC222261D22AC00BEEF5C /* EnvironmentUtil+iOS.swift in Sources */,
				3A2F230D2214A57D00A2FB4F /* FadeViewExtension.swift in Sources */,
				3A2F231D2214A57D00A2FB4F /* AppData.swift in Sources */,
				3A2F22FF2214A57D00A2FB4F /* ViewClearConstraintsRecursivellyExtension.swift in Sources */,
				3A2F23072214A57D00A2FB4F /* UIImageFixRotationExtension.swift in Sources */,
				3A2F23112214A57D00A2FB4F /* SwiftColorsExtension.swift in Sources */,
				3ADA2D9C22163F0E005E6BD0 /* NetworkErrorView.swift in Sources */,
				3AD9F93D22569DA600ED622F /* MainViewController.swift in Sources */,
				3ADE826B2229D0E000D3FD7A /* TodoListViewController.swift in Sources */,
				3A2F230A2214A57D00A2FB4F /* UITableViewExtension.swift in Sources */,
				3A2F231B2214A57D00A2FB4F /* UIHelper.swift in Sources */,
				3ADA2D9522163EEE005E6BD0 /* BaseCollectionViewController.swift in Sources */,
				3AF9F7CE26D05E6800433FD7 /* WebViewController.swift in Sources */,
				3A2F231E2214A57D00A2FB4F /* AppDelegate.swift in Sources */,
				3ADA2D9722163EEE005E6BD0 /* BaseTableViewController.swift in Sources */,
				3A2F23142214A57D00A2FB4F /* UIImageViewBlurExtension.swift in Sources */,
				3ADA2D9E22163F0E005E6BD0 /* ErrorView.swift in Sources */,
			);
			runOnlyForDeploymentPostprocessing = 0;
		};
		ABCDC1AC261D0A4F00BEEF5C /* Sources */ = {
			isa = PBXSourcesBuildPhase;
			buildActionMask = 2147483647;
			files = (
				AB9E188F263719E400225E57 /* StringsLocalizedExtension.swift in Sources */,
				AB57856D2639D0C300558651 /* ToDoListViewModel.swift in Sources */,
				AB9E18CE2637255500225E57 /* CollectionExtensions.swift in Sources */,
				AB9E18D526372A7200225E57 /* ViewModelState.swift in Sources */,
				ABCDC227261D22FF00BEEF5C /* EnvironmentUtil+watchOS.swift in Sources */,
				AB57857A2639E8FA00558651 /* AlertMessageView.swift in Sources */,
				AB9E18B226371C7400225E57 /* HomeView.swift in Sources */,
				AB578450263746A000558651 /* ViewExtensions.swift in Sources */,
				AB9E1890263719E400225E57 /* StringExtensions.swift in Sources */,
				AB9E189C26371AB800225E57 /* UIImageTintedExtension.swift in Sources */,
				3AB800BB27069231001EA224 /* DateTimeHelper.swift in Sources */,
				AB9E1891263719E400225E57 /* StringBase64Extension.swift in Sources */,
				ABCDC1BA261D0A4F00BEEF5C /* ExtensionDelegate.swift in Sources */,
				AB5785732639D22F00558651 /* LoadingView.swift in Sources */,
				AB5785682639CD1900558651 /* ToDoListView.swift in Sources */,
				AB9E1887263719A500225E57 /* Enumerators.swift in Sources */,
				AB9E189526371A1600225E57 /* SwiftColorsExtension.swift in Sources */,
				AB9E18832637199600225E57 /* SimpleOption.swift in Sources */,
				AB9E18C62637238400225E57 /* HomeViewModel.swift in Sources */,
				ABCDC21D261D224C00BEEF5C /* EnvironmentUtil.swift in Sources */,
				3A5B99612662F0890063EFD0 /* ColorExtensions.swift in Sources */,
				3AB800BD27069231001EA224 /* BundleHelper.swift in Sources */,
			);
			runOnlyForDeploymentPostprocessing = 0;
		};
/* End PBXSourcesBuildPhase section */

/* Begin PBXTargetDependency section */
		ABCDC1B3261D0A4F00BEEF5C /* PBXTargetDependency */ = {
			isa = PBXTargetDependency;
			target = ABCDC1AF261D0A4F00BEEF5C /* Sample-AppleWatch Extension */;
			targetProxy = ABCDC1B2261D0A4F00BEEF5C /* PBXContainerItemProxy */;
		};
		ABCDC1C4261D0A5000BEEF5C /* PBXTargetDependency */ = {
			isa = PBXTargetDependency;
			platformFilter = ios;
			target = ABCDC1A3261D0A4C00BEEF5C /* Sample-AppleWatch */;
			targetProxy = ABCDC1C3261D0A5000BEEF5C /* PBXContainerItemProxy */;
		};
/* End PBXTargetDependency section */

/* Begin PBXVariantGroup section */
		3A2F22CD2214A4DB00A2FB4F /* LaunchScreen.storyboard */ = {
			isa = PBXVariantGroup;
			children = (
				3A2F22CE2214A4DB00A2FB4F /* Base */,
			);
			name = LaunchScreen.storyboard;
			sourceTree = "<group>";
		};
		3A2F23262214A7A800A2FB4F /* Localizable.strings */ = {
			isa = PBXVariantGroup;
			children = (
				3A2F23252214A7A800A2FB4F /* en */,
				3A2F23282214A84D00A2FB4F /* pt-BR */,
			);
			name = Localizable.strings;
			sourceTree = "<group>";
		};
		ABCDC1A6261D0A4C00BEEF5C /* Interface.storyboard */ = {
			isa = PBXVariantGroup;
			children = (
				ABCDC1A7261D0A4C00BEEF5C /* Base */,
			);
			name = Interface.storyboard;
			sourceTree = "<group>";
		};
/* End PBXVariantGroup section */

/* Begin XCBuildConfiguration section */
		3A2F22D12214A4DB00A2FB4F /* Debug */ = {
			isa = XCBuildConfiguration;
			buildSettings = {
				ALWAYS_SEARCH_USER_PATHS = NO;
				CLANG_ANALYZER_LOCALIZABILITY_NONLOCALIZED = YES;
				CLANG_ANALYZER_NONNULL = YES;
				CLANG_ANALYZER_NUMBER_OBJECT_CONVERSION = YES_AGGRESSIVE;
				CLANG_CXX_LANGUAGE_STANDARD = "gnu++14";
				CLANG_CXX_LIBRARY = "libc++";
				CLANG_ENABLE_MODULES = YES;
				CLANG_ENABLE_OBJC_ARC = YES;
				CLANG_ENABLE_OBJC_WEAK = YES;
				CLANG_WARN_BLOCK_CAPTURE_AUTORELEASING = YES;
				CLANG_WARN_BOOL_CONVERSION = YES;
				CLANG_WARN_COMMA = YES;
				CLANG_WARN_CONSTANT_CONVERSION = YES;
				CLANG_WARN_DEPRECATED_OBJC_IMPLEMENTATIONS = YES;
				CLANG_WARN_DIRECT_OBJC_ISA_USAGE = YES_ERROR;
				CLANG_WARN_DOCUMENTATION_COMMENTS = YES;
				CLANG_WARN_EMPTY_BODY = YES;
				CLANG_WARN_ENUM_CONVERSION = YES;
				CLANG_WARN_INFINITE_RECURSION = YES;
				CLANG_WARN_INT_CONVERSION = YES;
				CLANG_WARN_NON_LITERAL_NULL_CONVERSION = YES;
				CLANG_WARN_OBJC_IMPLICIT_RETAIN_SELF = YES;
				CLANG_WARN_OBJC_LITERAL_CONVERSION = YES;
				CLANG_WARN_OBJC_ROOT_CLASS = YES_ERROR;
				CLANG_WARN_QUOTED_INCLUDE_IN_FRAMEWORK_HEADER = YES;
				CLANG_WARN_RANGE_LOOP_ANALYSIS = YES;
				CLANG_WARN_STRICT_PROTOTYPES = YES;
				CLANG_WARN_SUSPICIOUS_MOVE = YES;
				CLANG_WARN_UNGUARDED_AVAILABILITY = YES_AGGRESSIVE;
				CLANG_WARN_UNREACHABLE_CODE = YES;
				CLANG_WARN__DUPLICATE_METHOD_MATCH = YES;
				CODE_SIGN_IDENTITY = "iPhone Developer";
				COPY_PHASE_STRIP = NO;
				DEBUG_INFORMATION_FORMAT = dwarf;
				ENABLE_STRICT_OBJC_MSGSEND = YES;
				ENABLE_TESTABILITY = YES;
				GCC_C_LANGUAGE_STANDARD = gnu11;
				GCC_DYNAMIC_NO_PIC = NO;
				GCC_NO_COMMON_BLOCKS = YES;
				GCC_OPTIMIZATION_LEVEL = 0;
				GCC_PREPROCESSOR_DEFINITIONS = (
					"DEBUG=1",
					"$(inherited)",
				);
				GCC_WARN_64_TO_32_BIT_CONVERSION = YES;
				GCC_WARN_ABOUT_RETURN_TYPE = YES_ERROR;
				GCC_WARN_UNDECLARED_SELECTOR = YES;
				GCC_WARN_UNINITIALIZED_AUTOS = YES_AGGRESSIVE;
				GCC_WARN_UNUSED_FUNCTION = YES;
				GCC_WARN_UNUSED_VARIABLE = YES;
				IPHONEOS_DEPLOYMENT_TARGET = 9.0;
				MTL_ENABLE_DEBUG_INFO = INCLUDE_SOURCE;
				MTL_FAST_MATH = YES;
				ONLY_ACTIVE_ARCH = YES;
				SDKROOT = iphoneos;
				SWIFT_ACTIVE_COMPILATION_CONDITIONS = DEBUG;
				SWIFT_OPTIMIZATION_LEVEL = "-Onone";
			};
			name = Debug;
		};
		3A2F22D22214A4DB00A2FB4F /* Release */ = {
			isa = XCBuildConfiguration;
			buildSettings = {
				ALWAYS_SEARCH_USER_PATHS = NO;
				CLANG_ANALYZER_LOCALIZABILITY_NONLOCALIZED = YES;
				CLANG_ANALYZER_NONNULL = YES;
				CLANG_ANALYZER_NUMBER_OBJECT_CONVERSION = YES_AGGRESSIVE;
				CLANG_CXX_LANGUAGE_STANDARD = "gnu++14";
				CLANG_CXX_LIBRARY = "libc++";
				CLANG_ENABLE_MODULES = YES;
				CLANG_ENABLE_OBJC_ARC = YES;
				CLANG_ENABLE_OBJC_WEAK = YES;
				CLANG_WARN_BLOCK_CAPTURE_AUTORELEASING = YES;
				CLANG_WARN_BOOL_CONVERSION = YES;
				CLANG_WARN_COMMA = YES;
				CLANG_WARN_CONSTANT_CONVERSION = YES;
				CLANG_WARN_DEPRECATED_OBJC_IMPLEMENTATIONS = YES;
				CLANG_WARN_DIRECT_OBJC_ISA_USAGE = YES_ERROR;
				CLANG_WARN_DOCUMENTATION_COMMENTS = YES;
				CLANG_WARN_EMPTY_BODY = YES;
				CLANG_WARN_ENUM_CONVERSION = YES;
				CLANG_WARN_INFINITE_RECURSION = YES;
				CLANG_WARN_INT_CONVERSION = YES;
				CLANG_WARN_NON_LITERAL_NULL_CONVERSION = YES;
				CLANG_WARN_OBJC_IMPLICIT_RETAIN_SELF = YES;
				CLANG_WARN_OBJC_LITERAL_CONVERSION = YES;
				CLANG_WARN_OBJC_ROOT_CLASS = YES_ERROR;
				CLANG_WARN_QUOTED_INCLUDE_IN_FRAMEWORK_HEADER = YES;
				CLANG_WARN_RANGE_LOOP_ANALYSIS = YES;
				CLANG_WARN_STRICT_PROTOTYPES = YES;
				CLANG_WARN_SUSPICIOUS_MOVE = YES;
				CLANG_WARN_UNGUARDED_AVAILABILITY = YES_AGGRESSIVE;
				CLANG_WARN_UNREACHABLE_CODE = YES;
				CLANG_WARN__DUPLICATE_METHOD_MATCH = YES;
				CODE_SIGN_IDENTITY = "iPhone Developer";
				COPY_PHASE_STRIP = NO;
				DEBUG_INFORMATION_FORMAT = "dwarf-with-dsym";
				ENABLE_NS_ASSERTIONS = NO;
				ENABLE_STRICT_OBJC_MSGSEND = YES;
				GCC_C_LANGUAGE_STANDARD = gnu11;
				GCC_NO_COMMON_BLOCKS = YES;
				GCC_WARN_64_TO_32_BIT_CONVERSION = YES;
				GCC_WARN_ABOUT_RETURN_TYPE = YES_ERROR;
				GCC_WARN_UNDECLARED_SELECTOR = YES;
				GCC_WARN_UNINITIALIZED_AUTOS = YES_AGGRESSIVE;
				GCC_WARN_UNUSED_FUNCTION = YES;
				GCC_WARN_UNUSED_VARIABLE = YES;
				IPHONEOS_DEPLOYMENT_TARGET = 9.0;
				MTL_ENABLE_DEBUG_INFO = NO;
				MTL_FAST_MATH = YES;
				SDKROOT = iphoneos;
				SWIFT_COMPILATION_MODE = wholemodule;
				SWIFT_OPTIMIZATION_LEVEL = "-O";
				VALIDATE_PRODUCT = YES;
			};
			name = Release;
		};
		3A2F22D42214A4DB00A2FB4F /* Debug */ = {
			isa = XCBuildConfiguration;
			baseConfigurationReference = 1360A2DCC25A7B56020F42F9 /* Pods-Sample.debug.xcconfig */;
			buildSettings = {
				ASSETCATALOG_COMPILER_APPICON_NAME = AppIcon;
				CLANG_CXX_LANGUAGE_STANDARD = "gnu++0x";
				CODE_SIGN_ENTITLEMENTS = Sample/Sample.entitlements;
				CODE_SIGN_IDENTITY = "Apple Development";
				"CODE_SIGN_IDENTITY[sdk=macosx*]" = "Apple Development";
				CODE_SIGN_STYLE = Automatic;
				CURRENT_PROJECT_VERSION = 12;
				DEVELOPMENT_TEAM = 99AHAA343Q;
				ENABLE_BITCODE = YES;
				"ENABLE_HARDENED_RUNTIME[sdk=macosx*]" = YES;
				INFOPLIST_FILE = Sample/Info.plist;
				LD_RUNPATH_SEARCH_PATHS = (
					"$(inherited)",
					"@executable_path/Frameworks",
				);
				MARKETING_VERSION = 1.2.0;
				PRODUCT_BUNDLE_IDENTIFIER = com.ezored.sample;
				PRODUCT_NAME = Ezored;
				PROVISIONING_PROFILE_SPECIFIER = "";
				"PROVISIONING_PROFILE_SPECIFIER[sdk=macosx*]" = "";
				SUPPORTS_MACCATALYST = YES;
				SUPPORTS_MAC_DESIGNED_FOR_IPHONE_IPAD = YES;
				SWIFT_OBJC_BRIDGING_HEADER = "Sample/Sample-Bridging-Header.h";
				SWIFT_VERSION = 5.0;
				TARGETED_DEVICE_FAMILY = "1,2";
			};
			name = Debug;
		};
		3A2F22D52214A4DB00A2FB4F /* Release */ = {
			isa = XCBuildConfiguration;
			baseConfigurationReference = A6E91F0FCFB4F5DC6F65D06D /* Pods-Sample.release.xcconfig */;
			buildSettings = {
				ASSETCATALOG_COMPILER_APPICON_NAME = AppIcon;
				CLANG_CXX_LANGUAGE_STANDARD = "gnu++0x";
				CODE_SIGN_ENTITLEMENTS = Sample/Sample.entitlements;
				CODE_SIGN_IDENTITY = "Apple Development";
				"CODE_SIGN_IDENTITY[sdk=macosx*]" = "Apple Development";
				CODE_SIGN_STYLE = Automatic;
				CURRENT_PROJECT_VERSION = 12;
				DEVELOPMENT_TEAM = 99AHAA343Q;
				ENABLE_BITCODE = YES;
				"ENABLE_HARDENED_RUNTIME[sdk=macosx*]" = YES;
				INFOPLIST_FILE = Sample/Info.plist;
				LD_RUNPATH_SEARCH_PATHS = (
					"$(inherited)",
					"@executable_path/Frameworks",
				);
				MARKETING_VERSION = 1.2.0;
				PRODUCT_BUNDLE_IDENTIFIER = com.ezored.sample;
				PRODUCT_NAME = Ezored;
				PROVISIONING_PROFILE_SPECIFIER = "";
				"PROVISIONING_PROFILE_SPECIFIER[sdk=macosx*]" = "";
				SUPPORTS_MACCATALYST = YES;
				SUPPORTS_MAC_DESIGNED_FOR_IPHONE_IPAD = YES;
				SWIFT_OBJC_BRIDGING_HEADER = "Sample/Sample-Bridging-Header.h";
				SWIFT_VERSION = 5.0;
				TARGETED_DEVICE_FAMILY = "1,2";
			};
			name = Release;
		};
		ABCDC1C7261D0A5000BEEF5C /* Debug */ = {
			isa = XCBuildConfiguration;
			buildSettings = {
				ALWAYS_EMBED_SWIFT_STANDARD_LIBRARIES = YES;
				ASSETCATALOG_COMPILER_APPICON_NAME = AppIcon;
				ASSETCATALOG_COMPILER_GLOBAL_ACCENT_COLOR_NAME = AccentColor;
				CLANG_WARN_QUOTED_INCLUDE_IN_FRAMEWORK_HEADER = "$(inherited)";
				CODE_SIGN_IDENTITY = "Apple Development";
				"CODE_SIGN_IDENTITY[sdk=macosx*]" = "Apple Development";
				CODE_SIGN_STYLE = Automatic;
				CURRENT_PROJECT_VERSION = 12;
				DEVELOPMENT_TEAM = 99AHAA343Q;
				"EXCLUDED_ARCHS[sdk=watchsimulator*]" = "i386 arm64";
				IBSC_MODULE = Sample_AppleWatch_Extension;
				INFOPLIST_FILE = "Sample-AppleWatch/Info.plist";
				MARKETING_VERSION = 1.2.0;
				PRODUCT_BUNDLE_IDENTIFIER = com.ezored.sample.watchkitapp;
				PRODUCT_NAME = "$(TARGET_NAME)";
				SDKROOT = watchos;
				SKIP_INSTALL = YES;
				SWIFT_VERSION = 5.0;
				TARGETED_DEVICE_FAMILY = 4;
				WATCHOS_DEPLOYMENT_TARGET = 6.2;
			};
			name = Debug;
		};
		ABCDC1C8261D0A5000BEEF5C /* Release */ = {
			isa = XCBuildConfiguration;
			buildSettings = {
				ALWAYS_EMBED_SWIFT_STANDARD_LIBRARIES = YES;
				ASSETCATALOG_COMPILER_APPICON_NAME = AppIcon;
				ASSETCATALOG_COMPILER_GLOBAL_ACCENT_COLOR_NAME = AccentColor;
				CLANG_WARN_QUOTED_INCLUDE_IN_FRAMEWORK_HEADER = "$(inherited)";
				CODE_SIGN_IDENTITY = "Apple Development";
				"CODE_SIGN_IDENTITY[sdk=macosx*]" = "Apple Development";
				CODE_SIGN_STYLE = Automatic;
				CURRENT_PROJECT_VERSION = 12;
				DEVELOPMENT_TEAM = 99AHAA343Q;
				EXCLUDED_ARCHS = "";
				"EXCLUDED_ARCHS[sdk=watchsimulator*]" = "arm64 i386";
				IBSC_MODULE = Sample_AppleWatch_Extension;
				INFOPLIST_FILE = "Sample-AppleWatch/Info.plist";
				MARKETING_VERSION = 1.2.0;
				PRODUCT_BUNDLE_IDENTIFIER = com.ezored.sample.watchkitapp;
				PRODUCT_NAME = "$(TARGET_NAME)";
				SDKROOT = watchos;
				SKIP_INSTALL = YES;
				SWIFT_VERSION = 5.0;
				TARGETED_DEVICE_FAMILY = 4;
				WATCHOS_DEPLOYMENT_TARGET = 6.2;
			};
			name = Release;
		};
		ABCDC1CA261D0A5000BEEF5C /* Debug */ = {
			isa = XCBuildConfiguration;
			baseConfigurationReference = 44B5C818ABAE48BF038C2B08 /* Pods-Sample-AppleWatch Extension.debug.xcconfig */;
			buildSettings = {
				ASSETCATALOG_COMPILER_COMPLICATION_NAME = Complication;
				CLANG_WARN_QUOTED_INCLUDE_IN_FRAMEWORK_HEADER = "$(inherited)";
				CODE_SIGN_STYLE = Automatic;
				CURRENT_PROJECT_VERSION = 12;
				DEVELOPMENT_ASSET_PATHS = "\"Sample-AppleWatch Extension/Resources/Preview Content\"";
				DEVELOPMENT_TEAM = 99AHAA343Q;
				ENABLE_PREVIEWS = YES;
				"EXCLUDED_ARCHS[sdk=watchsimulator*]" = "i386 arm64";
				INFOPLIST_FILE = "Sample-AppleWatch Extension/App/Info.plist";
				LD_RUNPATH_SEARCH_PATHS = (
					"$(inherited)",
					"@executable_path/Frameworks",
					"@executable_path/../../Frameworks",
				);
				MARKETING_VERSION = 1.2.0;
				PRODUCT_BUNDLE_IDENTIFIER = com.ezored.sample.watchkitapp.watchkitextension;
				PRODUCT_NAME = "${TARGET_NAME}";
				SDKROOT = watchos;
				SKIP_INSTALL = YES;
				SWIFT_OBJC_BRIDGING_HEADER = "Sample-AppleWatch Extension/App/Sample-AppleWatch-Bridging-Header.h";
				SWIFT_VERSION = 5.0;
				TARGETED_DEVICE_FAMILY = 4;
				WATCHOS_DEPLOYMENT_TARGET = 6.2;
			};
			name = Debug;
		};
		ABCDC1CB261D0A5000BEEF5C /* Release */ = {
			isa = XCBuildConfiguration;
			baseConfigurationReference = C423A0904BF6238458325775 /* Pods-Sample-AppleWatch Extension.release.xcconfig */;
			buildSettings = {
				ASSETCATALOG_COMPILER_COMPLICATION_NAME = Complication;
				CLANG_WARN_QUOTED_INCLUDE_IN_FRAMEWORK_HEADER = "$(inherited)";
				CODE_SIGN_STYLE = Automatic;
				CURRENT_PROJECT_VERSION = 12;
				DEVELOPMENT_ASSET_PATHS = "\"Sample-AppleWatch Extension/Resources/Preview Content\"";
				DEVELOPMENT_TEAM = 99AHAA343Q;
				ENABLE_PREVIEWS = YES;
				"EXCLUDED_ARCHS[sdk=watchsimulator*]" = "i386 arm64";
				INFOPLIST_FILE = "Sample-AppleWatch Extension/App/Info.plist";
				LD_RUNPATH_SEARCH_PATHS = (
					"$(inherited)",
					"@executable_path/Frameworks",
					"@executable_path/../../Frameworks",
				);
				MARKETING_VERSION = 1.2.0;
				PRODUCT_BUNDLE_IDENTIFIER = com.ezored.sample.watchkitapp.watchkitextension;
				PRODUCT_NAME = "${TARGET_NAME}";
				SDKROOT = watchos;
				SKIP_INSTALL = YES;
				SWIFT_OBJC_BRIDGING_HEADER = "Sample-AppleWatch Extension/App/Sample-AppleWatch-Bridging-Header.h";
				SWIFT_VERSION = 5.0;
				TARGETED_DEVICE_FAMILY = 4;
				WATCHOS_DEPLOYMENT_TARGET = 6.2;
			};
			name = Release;
		};
/* End XCBuildConfiguration section */

/* Begin XCConfigurationList section */
		3A2F22BC2214A4DA00A2FB4F /* Build configuration list for PBXProject "Sample" */ = {
			isa = XCConfigurationList;
			buildConfigurations = (
				3A2F22D12214A4DB00A2FB4F /* Debug */,
				3A2F22D22214A4DB00A2FB4F /* Release */,
			);
			defaultConfigurationIsVisible = 0;
			defaultConfigurationName = Release;
		};
		3A2F22D32214A4DB00A2FB4F /* Build configuration list for PBXNativeTarget "Sample" */ = {
			isa = XCConfigurationList;
			buildConfigurations = (
				3A2F22D42214A4DB00A2FB4F /* Debug */,
				3A2F22D52214A4DB00A2FB4F /* Release */,
			);
			defaultConfigurationIsVisible = 0;
			defaultConfigurationName = Release;
		};
		ABCDC1CC261D0A5000BEEF5C /* Build configuration list for PBXNativeTarget "Sample-AppleWatch Extension" */ = {
			isa = XCConfigurationList;
			buildConfigurations = (
				ABCDC1CA261D0A5000BEEF5C /* Debug */,
				ABCDC1CB261D0A5000BEEF5C /* Release */,
			);
			defaultConfigurationIsVisible = 0;
			defaultConfigurationName = Release;
		};
		ABCDC1CD261D0A5000BEEF5C /* Build configuration list for PBXNativeTarget "Sample-AppleWatch" */ = {
			isa = XCConfigurationList;
			buildConfigurations = (
				ABCDC1C7261D0A5000BEEF5C /* Debug */,
				ABCDC1C8261D0A5000BEEF5C /* Release */,
			);
			defaultConfigurationIsVisible = 0;
			defaultConfigurationName = Release;
		};
/* End XCConfigurationList section */
	};
	rootObject = 3A2F22B92214A4DA00A2FB4F /* Project object */;
}
